// !$*UTF8*$!
{
	archiveVersion = 1;
	classes = {
	};
	objectVersion = 50;
	objects = {

/* Begin PBXBuildFile section */
		BAEC60BA22DF38DF00D4CFA9 /* AppDelegate.swift in Sources */ = {isa = PBXBuildFile; fileRef = BAEC60B922DF38DF00D4CFA9 /* AppDelegate.swift */; };
		BAEC60BF22DF38DF00D4CFA9 /* Main.storyboard in Resources */ = {isa = PBXBuildFile; fileRef = BAEC60BD22DF38DF00D4CFA9 /* Main.storyboard */; };
		BAEC60C222DF38DF00D4CFA9 /* Aflam_App.xcdatamodeld in Sources */ = {isa = PBXBuildFile; fileRef = BAEC60C022DF38DF00D4CFA9 /* Aflam_App.xcdatamodeld */; };
		BAEC60C422DF38E100D4CFA9 /* Assets.xcassets in Resources */ = {isa = PBXBuildFile; fileRef = BAEC60C322DF38E100D4CFA9 /* Assets.xcassets */; };
		BAEC60C722DF38E100D4CFA9 /* LaunchScreen.storyboard in Resources */ = {isa = PBXBuildFile; fileRef = BAEC60C522DF38E100D4CFA9 /* LaunchScreen.storyboard */; };
		BAEC60D022DF3A2500D4CFA9 /* Utils.swift in Sources */ = {isa = PBXBuildFile; fileRef = BAEC60CF22DF3A2500D4CFA9 /* Utils.swift */; };
		BAEC60D222DF3D2B00D4CFA9 /* Config.swift in Sources */ = {isa = PBXBuildFile; fileRef = BAEC60D122DF3D2B00D4CFA9 /* Config.swift */; };
		BAEC60D422DF3D6A00D4CFA9 /* CheckInternet.swift in Sources */ = {isa = PBXBuildFile; fileRef = BAEC60D322DF3D6A00D4CFA9 /* CheckInternet.swift */; };
		BAEC60D822DF3DC300D4CFA9 /* APICallManager.swift in Sources */ = {isa = PBXBuildFile; fileRef = BAEC60D722DF3DC300D4CFA9 /* APICallManager.swift */; };
		BAEC60DB22DF3E9300D4CFA9 /* MovieVCCell.swift in Sources */ = {isa = PBXBuildFile; fileRef = BAEC60DA22DF3E9300D4CFA9 /* MovieVCCell.swift */; };
		BAEC60DE22DF3F3800D4CFA9 /* Movie.swift in Sources */ = {isa = PBXBuildFile; fileRef = BAEC60DD22DF3F3800D4CFA9 /* Movie.swift */; };
		BAEC60E222DF3FDC00D4CFA9 /* LoginVC.swift in Sources */ = {isa = PBXBuildFile; fileRef = BAEC60E122DF3FDC00D4CFA9 /* LoginVC.swift */; };
		BAEC60E422DF401700D4CFA9 /* MovieDetailsVC.swift in Sources */ = {isa = PBXBuildFile; fileRef = BAEC60E322DF401700D4CFA9 /* MovieDetailsVC.swift */; };
		BAEC60E622DF404D00D4CFA9 /* ProfileVC.swift in Sources */ = {isa = PBXBuildFile; fileRef = BAEC60E522DF404D00D4CFA9 /* ProfileVC.swift */; };
		BAEC60E822DF40F200D4CFA9 /* MoviesCV.swift in Sources */ = {isa = PBXBuildFile; fileRef = BAEC60E722DF40F200D4CFA9 /* MoviesCV.swift */; };
		DBF6926D608760EA32A6BA8B /* Pods_Aflam_App.framework in Frameworks */ = {isa = PBXBuildFile; fileRef = EA24F27BDCE28FF444966348 /* Pods_Aflam_App.framework */; };
/* End PBXBuildFile section */

/* Begin PBXFileReference section */
		3EAC60B5DFEB39579099F3ED /* Pods-Aflam App.release.xcconfig */ = {isa = PBXFileReference; includeInIndex = 1; lastKnownFileType = text.xcconfig; name = "Pods-Aflam App.release.xcconfig"; path = "Pods/Target Support Files/Pods-Aflam App/Pods-Aflam App.release.xcconfig"; sourceTree = "<group>"; };
		BAEC60B622DF38DF00D4CFA9 /* Aflam App.app */ = {isa = PBXFileReference; explicitFileType = wrapper.application; includeInIndex = 0; path = "Aflam App.app"; sourceTree = BUILT_PRODUCTS_DIR; };
		BAEC60B922DF38DF00D4CFA9 /* AppDelegate.swift */ = {isa = PBXFileReference; lastKnownFileType = sourcecode.swift; path = AppDelegate.swift; sourceTree = "<group>"; };
		BAEC60BE22DF38DF00D4CFA9 /* Base */ = {isa = PBXFileReference; lastKnownFileType = file.storyboard; name = Base; path = Base.lproj/Main.storyboard; sourceTree = "<group>"; };
		BAEC60C122DF38DF00D4CFA9 /* Aflam_App.xcdatamodel */ = {isa = PBXFileReference; lastKnownFileType = wrapper.xcdatamodel; path = Aflam_App.xcdatamodel; sourceTree = "<group>"; };
		BAEC60C322DF38E100D4CFA9 /* Assets.xcassets */ = {isa = PBXFileReference; lastKnownFileType = folder.assetcatalog; path = Assets.xcassets; sourceTree = "<group>"; };
		BAEC60C622DF38E100D4CFA9 /* Base */ = {isa = PBXFileReference; lastKnownFileType = file.storyboard; name = Base; path = Base.lproj/LaunchScreen.storyboard; sourceTree = "<group>"; };
		BAEC60C822DF38E100D4CFA9 /* Info.plist */ = {isa = PBXFileReference; lastKnownFileType = text.plist.xml; path = Info.plist; sourceTree = "<group>"; };
		BAEC60CF22DF3A2500D4CFA9 /* Utils.swift */ = {isa = PBXFileReference; lastKnownFileType = sourcecode.swift; path = Utils.swift; sourceTree = "<group>"; };
		BAEC60D122DF3D2B00D4CFA9 /* Config.swift */ = {isa = PBXFileReference; lastKnownFileType = sourcecode.swift; path = Config.swift; sourceTree = "<group>"; };
		BAEC60D322DF3D6A00D4CFA9 /* CheckInternet.swift */ = {isa = PBXFileReference; lastKnownFileType = sourcecode.swift; path = CheckInternet.swift; sourceTree = "<group>"; };
		BAEC60D722DF3DC300D4CFA9 /* APICallManager.swift */ = {isa = PBXFileReference; lastKnownFileType = sourcecode.swift; path = APICallManager.swift; sourceTree = "<group>"; };
		BAEC60DA22DF3E9300D4CFA9 /* MovieVCCell.swift */ = {isa = PBXFileReference; lastKnownFileType = sourcecode.swift; path = MovieVCCell.swift; sourceTree = "<group>"; };
		BAEC60DD22DF3F3800D4CFA9 /* Movie.swift */ = {isa = PBXFileReference; lastKnownFileType = sourcecode.swift; path = Movie.swift; sourceTree = "<group>"; };
		BAEC60E122DF3FDC00D4CFA9 /* LoginVC.swift */ = {isa = PBXFileReference; lastKnownFileType = sourcecode.swift; path = LoginVC.swift; sourceTree = "<group>"; };
		BAEC60E322DF401700D4CFA9 /* MovieDetailsVC.swift */ = {isa = PBXFileReference; lastKnownFileType = sourcecode.swift; path = MovieDetailsVC.swift; sourceTree = "<group>"; };
		BAEC60E522DF404D00D4CFA9 /* ProfileVC.swift */ = {isa = PBXFileReference; lastKnownFileType = sourcecode.swift; path = ProfileVC.swift; sourceTree = "<group>"; };
		BAEC60E722DF40F200D4CFA9 /* MoviesCV.swift */ = {isa = PBXFileReference; lastKnownFileType = sourcecode.swift; path = MoviesCV.swift; sourceTree = "<group>"; };
		EA24F27BDCE28FF444966348 /* Pods_Aflam_App.framework */ = {isa = PBXFileReference; explicitFileType = wrapper.framework; includeInIndex = 0; path = Pods_Aflam_App.framework; sourceTree = BUILT_PRODUCTS_DIR; };
		F931127E48A855675DF02BE4 /* Pods-Aflam App.debug.xcconfig */ = {isa = PBXFileReference; includeInIndex = 1; lastKnownFileType = text.xcconfig; name = "Pods-Aflam App.debug.xcconfig"; path = "Pods/Target Support Files/Pods-Aflam App/Pods-Aflam App.debug.xcconfig"; sourceTree = "<group>"; };
/* End PBXFileReference section */

/* Begin PBXFrameworksBuildPhase section */
		BAEC60B322DF38DF00D4CFA9 /* Frameworks */ = {
			isa = PBXFrameworksBuildPhase;
			buildActionMask = 2147483647;
			files = (
				DBF6926D608760EA32A6BA8B /* Pods_Aflam_App.framework in Frameworks */,
			);
			runOnlyForDeploymentPostprocessing = 0;
		};
/* End PBXFrameworksBuildPhase section */

/* Begin PBXGroup section */
		4E174AB4CC697B1090A1EE33 /* Pods */ = {
			isa = PBXGroup;
			children = (
				F931127E48A855675DF02BE4 /* Pods-Aflam App.debug.xcconfig */,
				3EAC60B5DFEB39579099F3ED /* Pods-Aflam App.release.xcconfig */,
			);
			name = Pods;
			sourceTree = "<group>";
		};
		96C382309FD9A4E305211105 /* Frameworks */ = {
			isa = PBXGroup;
			children = (
				EA24F27BDCE28FF444966348 /* Pods_Aflam_App.framework */,
			);
			name = Frameworks;
			sourceTree = "<group>";
		};
		BAEC60AD22DF38DF00D4CFA9 = {
			isa = PBXGroup;
			children = (
				BAEC60B822DF38DF00D4CFA9 /* Aflam App */,
				BAEC60B722DF38DF00D4CFA9 /* Products */,
				4E174AB4CC697B1090A1EE33 /* Pods */,
				96C382309FD9A4E305211105 /* Frameworks */,
			);
			sourceTree = "<group>";
		};
		BAEC60B722DF38DF00D4CFA9 /* Products */ = {
			isa = PBXGroup;
			children = (
				BAEC60B622DF38DF00D4CFA9 /* Aflam App.app */,
			);
			name = Products;
			sourceTree = "<group>";
		};
		BAEC60B822DF38DF00D4CFA9 /* Aflam App */ = {
			isa = PBXGroup;
			children = (
				BAEC60E922DF412A00D4CFA9 /* Supporting Files */,
				BAEC60CE22DF38E900D4CFA9 /* Utils */,
				BAEC60E022DF3FAA00D4CFA9 /* Controller */,
				BAEC60D622DF3DA800D4CFA9 /* View */,
				BAEC60DC22DF3F2400D4CFA9 /* Model */,
				BAEC60D522DF3D9900D4CFA9 /* API */,
				BAEC60B922DF38DF00D4CFA9 /* AppDelegate.swift */,
				BAEC60C822DF38E100D4CFA9 /* Info.plist */,
			);
			path = "Aflam App";
			sourceTree = "<group>";
		};
		BAEC60CE22DF38E900D4CFA9 /* Utils */ = {
			isa = PBXGroup;
			children = (
				BAEC60CF22DF3A2500D4CFA9 /* Utils.swift */,
				BAEC60D122DF3D2B00D4CFA9 /* Config.swift */,
				BAEC60D322DF3D6A00D4CFA9 /* CheckInternet.swift */,
			);
			path = Utils;
			sourceTree = "<group>";
		};
		BAEC60D522DF3D9900D4CFA9 /* API */ = {
			isa = PBXGroup;
			children = (
				BAEC60D722DF3DC300D4CFA9 /* APICallManager.swift */,
			);
			path = API;
			sourceTree = "<group>";
		};
		BAEC60D622DF3DA800D4CFA9 /* View */ = {
			isa = PBXGroup;
			children = (
				BAEC60D922DF3E2700D4CFA9 /* Cell */,
				BAEC60BD22DF38DF00D4CFA9 /* Main.storyboard */,
			);
			path = View;
			sourceTree = "<group>";
		};
		BAEC60D922DF3E2700D4CFA9 /* Cell */ = {
			isa = PBXGroup;
			children = (
				BAEC60DA22DF3E9300D4CFA9 /* MovieVCCell.swift */,
			);
			path = Cell;
			sourceTree = "<group>";
		};
		BAEC60DC22DF3F2400D4CFA9 /* Model */ = {
			isa = PBXGroup;
			children = (
				BAEC60DD22DF3F3800D4CFA9 /* Movie.swift */,
			);
			path = Model;
			sourceTree = "<group>";
		};
		BAEC60E022DF3FAA00D4CFA9 /* Controller */ = {
			isa = PBXGroup;
			children = (
				BAEC60E122DF3FDC00D4CFA9 /* LoginVC.swift */,
				BAEC60E322DF401700D4CFA9 /* MovieDetailsVC.swift */,
				BAEC60E522DF404D00D4CFA9 /* ProfileVC.swift */,
				BAEC60E722DF40F200D4CFA9 /* MoviesCV.swift */,
			);
			path = Controller;
			sourceTree = "<group>";
		};
		BAEC60E922DF412A00D4CFA9 /* Supporting Files */ = {
			isa = PBXGroup;
			children = (
				BAEC60C522DF38E100D4CFA9 /* LaunchScreen.storyboard */,
				BAEC60C322DF38E100D4CFA9 /* Assets.xcassets */,
				BAEC60C022DF38DF00D4CFA9 /* Aflam_App.xcdatamodeld */,
			);
			path = "Supporting Files";
			sourceTree = "<group>";
		};
/* End PBXGroup section */

/* Begin PBXNativeTarget section */
		BAEC60B522DF38DF00D4CFA9 /* Aflam App */ = {
			isa = PBXNativeTarget;
			buildConfigurationList = BAEC60CB22DF38E100D4CFA9 /* Build configuration list for PBXNativeTarget "Aflam App" */;
			buildPhases = (
				8B52CA83335F90BC74637B77 /* [CP] Check Pods Manifest.lock */,
				BAEC60B222DF38DF00D4CFA9 /* Sources */,
				BAEC60B322DF38DF00D4CFA9 /* Frameworks */,
				BAEC60B422DF38DF00D4CFA9 /* Resources */,
				DF2F1F4FDB5F5F05E1FFBB4D /* [CP] Embed Pods Frameworks */,
			);
			buildRules = (
			);
			dependencies = (
			);
			name = "Aflam App";
			productName = "Aflam App";
			productReference = BAEC60B622DF38DF00D4CFA9 /* Aflam App.app */;
			productType = "com.apple.product-type.application";
		};
/* End PBXNativeTarget section */

/* Begin PBXProject section */
		BAEC60AE22DF38DF00D4CFA9 /* Project object */ = {
			isa = PBXProject;
			attributes = {
				LastSwiftUpdateCheck = 0930;
				LastUpgradeCheck = 0930;
				ORGANIZATIONNAME = Developers;
				TargetAttributes = {
					BAEC60B522DF38DF00D4CFA9 = {
						CreatedOnToolsVersion = 9.3;
					};
				};
			};
			buildConfigurationList = BAEC60B122DF38DF00D4CFA9 /* Build configuration list for PBXProject "Aflam App" */;
			compatibilityVersion = "Xcode 9.3";
			developmentRegion = en;
			hasScannedForEncodings = 0;
			knownRegions = (
				en,
				Base,
			);
			mainGroup = BAEC60AD22DF38DF00D4CFA9;
			productRefGroup = BAEC60B722DF38DF00D4CFA9 /* Products */;
			projectDirPath = "";
			projectRoot = "";
			targets = (
				BAEC60B522DF38DF00D4CFA9 /* Aflam App */,
			);
		};
/* End PBXProject section */

/* Begin PBXResourcesBuildPhase section */
		BAEC60B422DF38DF00D4CFA9 /* Resources */ = {
			isa = PBXResourcesBuildPhase;
			buildActionMask = 2147483647;
			files = (
				BAEC60C722DF38E100D4CFA9 /* LaunchScreen.storyboard in Resources */,
				BAEC60C422DF38E100D4CFA9 /* Assets.xcassets in Resources */,
				BAEC60BF22DF38DF00D4CFA9 /* Main.storyboard in Resources */,
			);
			runOnlyForDeploymentPostprocessing = 0;
		};
/* End PBXResourcesBuildPhase section */

/* Begin PBXShellScriptBuildPhase section */
		8B52CA83335F90BC74637B77 /* [CP] Check Pods Manifest.lock */ = {
			isa = PBXShellScriptBuildPhase;
			buildActionMask = 2147483647;
			files = (
			);
			inputPaths = (
				"${PODS_PODFILE_DIR_PATH}/Podfile.lock",
				"${PODS_ROOT}/Manifest.lock",
			);
			name = "[CP] Check Pods Manifest.lock";
			outputPaths = (
				"$(DERIVED_FILE_DIR)/Pods-Aflam App-checkManifestLockResult.txt",
			);
			runOnlyForDeploymentPostprocessing = 0;
			shellPath = /bin/sh;
			shellScript = "diff \"${PODS_PODFILE_DIR_PATH}/Podfile.lock\" \"${PODS_ROOT}/Manifest.lock\" > /dev/null\nif [ $? != 0 ] ; then\n    # print error to STDERR\n    echo \"error: The sandbox is not in sync with the Podfile.lock. Run 'pod install' or update your CocoaPods installation.\" >&2\n    exit 1\nfi\n# This output is used by Xcode 'outputs' to avoid re-running this script phase.\necho \"SUCCESS\" > \"${SCRIPT_OUTPUT_FILE_0}\"\n";
			showEnvVarsInLog = 0;
		};
		DF2F1F4FDB5F5F05E1FFBB4D /* [CP] Embed Pods Frameworks */ = {
			isa = PBXShellScriptBuildPhase;
			buildActionMask = 2147483647;
			files = (
			);
			inputPaths = (
				"${SRCROOT}/Pods/Target Support Files/Pods-Aflam App/Pods-Aflam App-frameworks.sh",
				"${BUILT_PRODUCTS_DIR}/Alamofire/Alamofire.framework",
				"${BUILT_PRODUCTS_DIR}/Cosmos/Cosmos.framework",
				"${BUILT_PRODUCTS_DIR}/ReachabilitySwift/Reachability.framework",
				"${BUILT_PRODUCTS_DIR}/SDWebImage/SDWebImage.framework",
				"${BUILT_PRODUCTS_DIR}/SwiftyJSON/SwiftyJSON.framework",
			);
			name = "[CP] Embed Pods Frameworks";
			outputPaths = (
				"${TARGET_BUILD_DIR}/${FRAMEWORKS_FOLDER_PATH}/Alamofire.framework",
				"${TARGET_BUILD_DIR}/${FRAMEWORKS_FOLDER_PATH}/Cosmos.framework",
				"${TARGET_BUILD_DIR}/${FRAMEWORKS_FOLDER_PATH}/Reachability.framework",
				"${TARGET_BUILD_DIR}/${FRAMEWORKS_FOLDER_PATH}/SDWebImage.framework",
				"${TARGET_BUILD_DIR}/${FRAMEWORKS_FOLDER_PATH}/SwiftyJSON.framework",
			);
			runOnlyForDeploymentPostprocessing = 0;
			shellPath = /bin/sh;
			shellScript = "\"${SRCROOT}/Pods/Target Support Files/Pods-Aflam App/Pods-Aflam App-frameworks.sh\"\n";
			showEnvVarsInLog = 0;
		};
/* End PBXShellScriptBuildPhase section */

/* Begin PBXSourcesBuildPhase section */
		BAEC60B222DF38DF00D4CFA9 /* Sources */ = {
			isa = PBXSourcesBuildPhase;
			buildActionMask = 2147483647;
			files = (
				BAEC60E622DF404D00D4CFA9 /* ProfileVC.swift in Sources */,
				BAEC60E422DF401700D4CFA9 /* MovieDetailsVC.swift in Sources */,
				BAEC60D422DF3D6A00D4CFA9 /* CheckInternet.swift in Sources */,
				BAEC60DE22DF3F3800D4CFA9 /* Movie.swift in Sources */,
				BAEC60BA22DF38DF00D4CFA9 /* AppDelegate.swift in Sources */,
				BAEC60E222DF3FDC00D4CFA9 /* LoginVC.swift in Sources */,
				BAEC60D222DF3D2B00D4CFA9 /* Config.swift in Sources */,
				BAEC60C222DF38DF00D4CFA9 /* Aflam_App.xcdatamodeld in Sources */,
				BAEC60DB22DF3E9300D4CFA9 /* MovieVCCell.swift in Sources */,
				BAEC60D822DF3DC300D4CFA9 /* APICallManager.swift in Sources */,
				BAEC60E822DF40F200D4CFA9 /* MoviesCV.swift in Sources */,
				BAEC60D022DF3A2500D4CFA9 /* Utils.swift in Sources */,
			);
			runOnlyForDeploymentPostprocessing = 0;
		};
/* End PBXSourcesBuildPhase section */

/* Begin PBXVariantGroup section */
		BAEC60BD22DF38DF00D4CFA9 /* Main.storyboard */ = {
			isa = PBXVariantGroup;
			children = (
				BAEC60BE22DF38DF00D4CFA9 /* Base */,
			);
			name = Main.storyboard;
			sourceTree = "<group>";
		};
		BAEC60C522DF38E100D4CFA9 /* LaunchScreen.storyboard */ = {
			isa = PBXVariantGroup;
			children = (
				BAEC60C622DF38E100D4CFA9 /* Base */,
			);
			name = LaunchScreen.storyboard;
			sourceTree = "<group>";
		};
/* End PBXVariantGroup section */

/* Begin XCBuildConfiguration section */
		BAEC60C922DF38E100D4CFA9 /* Debug */ = {
			isa = XCBuildConfiguration;
			buildSettings = {
				ALWAYS_SEARCH_USER_PATHS = NO;
				CLANG_ANALYZER_NONNULL = YES;
				CLANG_ANALYZER_NUMBER_OBJECT_CONVERSION = YES_AGGRESSIVE;
				CLANG_CXX_LANGUAGE_STANDARD = "gnu++14";
				CLANG_CXX_LIBRARY = "libc++";
				CLANG_ENABLE_MODULES = YES;
				CLANG_ENABLE_OBJC_ARC = YES;
				CLANG_ENABLE_OBJC_WEAK = YES;
				CLANG_WARN_BLOCK_CAPTURE_AUTORELEASING = YES;
				CLANG_WARN_BOOL_CONVERSION = YES;
				CLANG_WARN_COMMA = YES;
				CLANG_WARN_CONSTANT_CONVERSION = YES;
				CLANG_WARN_DEPRECATED_OBJC_IMPLEMENTATIONS = YES;
				CLANG_WARN_DIRECT_OBJC_ISA_USAGE = YES_ERROR;
				CLANG_WARN_DOCUMENTATION_COMMENTS = YES;
				CLANG_WARN_EMPTY_BODY = YES;
				CLANG_WARN_ENUM_CONVERSION = YES;
				CLANG_WARN_INFINITE_RECURSION = YES;
				CLANG_WARN_INT_CONVERSION = YES;
				CLANG_WARN_NON_LITERAL_NULL_CONVERSION = YES;
				CLANG_WARN_OBJC_IMPLICIT_RETAIN_SELF = YES;
				CLANG_WARN_OBJC_LITERAL_CONVERSION = YES;
				CLANG_WARN_OBJC_ROOT_CLASS = YES_ERROR;
				CLANG_WARN_RANGE_LOOP_ANALYSIS = YES;
				CLANG_WARN_STRICT_PROTOTYPES = YES;
				CLANG_WARN_SUSPICIOUS_MOVE = YES;
				CLANG_WARN_UNGUARDED_AVAILABILITY = YES_AGGRESSIVE;
				CLANG_WARN_UNREACHABLE_CODE = YES;
				CLANG_WARN__DUPLICATE_METHOD_MATCH = YES;
				CODE_SIGN_IDENTITY = "iPhone Developer";
				COPY_PHASE_STRIP = NO;
				DEBUG_INFORMATION_FORMAT = dwarf;
				ENABLE_STRICT_OBJC_MSGSEND = YES;
				ENABLE_TESTABILITY = YES;
				GCC_C_LANGUAGE_STANDARD = gnu11;
				GCC_DYNAMIC_NO_PIC = NO;
				GCC_NO_COMMON_BLOCKS = YES;
				GCC_OPTIMIZATION_LEVEL = 0;
				GCC_PREPROCESSOR_DEFINITIONS = (
					"DEBUG=1",
					"$(inherited)",
				);
				GCC_WARN_64_TO_32_BIT_CONVERSION = YES;
				GCC_WARN_ABOUT_RETURN_TYPE = YES_ERROR;
				GCC_WARN_UNDECLARED_SELECTOR = YES;
				GCC_WARN_UNINITIALIZED_AUTOS = YES_AGGRESSIVE;
				GCC_WARN_UNUSED_FUNCTION = YES;
				GCC_WARN_UNUSED_VARIABLE = YES;
				IPHONEOS_DEPLOYMENT_TARGET = 11.3;
				MTL_ENABLE_DEBUG_INFO = YES;
				ONLY_ACTIVE_ARCH = YES;
				SDKROOT = iphoneos;
				SWIFT_ACTIVE_COMPILATION_CONDITIONS = DEBUG;
				SWIFT_OPTIMIZATION_LEVEL = "-Onone";
			};
			name = Debug;
		};
		BAEC60CA22DF38E100D4CFA9 /* Release */ = {
			isa = XCBuildConfiguration;
			buildSettings = {
				ALWAYS_SEARCH_USER_PATHS = NO;
				CLANG_ANALYZER_NONNULL = YES;
				CLANG_ANALYZER_NUMBER_OBJECT_CONVERSION = YES_AGGRESSIVE;
				CLANG_CXX_LANGUAGE_STANDARD = "gnu++14";
				CLANG_CXX_LIBRARY = "libc++";
				CLANG_ENABLE_MODULES = YES;
				CLANG_ENABLE_OBJC_ARC = YES;
				CLANG_ENABLE_OBJC_WEAK = YES;
				CLANG_WARN_BLOCK_CAPTURE_AUTORELEASING = YES;
				CLANG_WARN_BOOL_CONVERSION = YES;
				CLANG_WARN_COMMA = YES;
				CLANG_WARN_CONSTANT_CONVERSION = YES;
				CLANG_WARN_DEPRECATED_OBJC_IMPLEMENTATIONS = YES;
				CLANG_WARN_DIRECT_OBJC_ISA_USAGE = YES_ERROR;
				CLANG_WARN_DOCUMENTATION_COMMENTS = YES;
				CLANG_WARN_EMPTY_BODY = YES;
				CLANG_WARN_ENUM_CONVERSION = YES;
				CLANG_WARN_INFINITE_RECURSION = YES;
				CLANG_WARN_INT_CONVERSION = YES;
				CLANG_WARN_NON_LITERAL_NULL_CONVERSION = YES;
				CLANG_WARN_OBJC_IMPLICIT_RETAIN_SELF = YES;
				CLANG_WARN_OBJC_LITERAL_CONVERSION = YES;
				CLANG_WARN_OBJC_ROOT_CLASS = YES_ERROR;
				CLANG_WARN_RANGE_LOOP_ANALYSIS = YES;
				CLANG_WARN_STRICT_PROTOTYPES = YES;
				CLANG_WARN_SUSPICIOUS_MOVE = YES;
				CLANG_WARN_UNGUARDED_AVAILABILITY = YES_AGGRESSIVE;
				CLANG_WARN_UNREACHABLE_CODE = YES;
				CLANG_WARN__DUPLICATE_METHOD_MATCH = YES;
				CODE_SIGN_IDENTITY = "iPhone Developer";
				COPY_PHASE_STRIP = NO;
				DEBUG_INFORMATION_FORMAT = "dwarf-with-dsym";
				ENABLE_NS_ASSERTIONS = NO;
				ENABLE_STRICT_OBJC_MSGSEND = YES;
				GCC_C_LANGUAGE_STANDARD = gnu11;
				GCC_NO_COMMON_BLOCKS = YES;
				GCC_WARN_64_TO_32_BIT_CONVERSION = YES;
				GCC_WARN_ABOUT_RETURN_TYPE = YES_ERROR;
				GCC_WARN_UNDECLARED_SELECTOR = YES;
				GCC_WARN_UNINITIALIZED_AUTOS = YES_AGGRESSIVE;
				GCC_WARN_UNUSED_FUNCTION = YES;
				GCC_WARN_UNUSED_VARIABLE = YES;
				IPHONEOS_DEPLOYMENT_TARGET = 11.3;
				MTL_ENABLE_DEBUG_INFO = NO;
				SDKROOT = iphoneos;
				SWIFT_COMPILATION_MODE = wholemodule;
				SWIFT_OPTIMIZATION_LEVEL = "-O";
				VALIDATE_PRODUCT = YES;
			};
			name = Release;
		};
		BAEC60CC22DF38E100D4CFA9 /* Debug */ = {
			isa = XCBuildConfiguration;
			baseConfigurationReference = F931127E48A855675DF02BE4 /* Pods-Aflam App.debug.xcconfig */;
			buildSettings = {
				ASSETCATALOG_COMPILER_APPICON_NAME = AppIcon;
				CODE_SIGN_STYLE = Automatic;
				INFOPLIST_FILE = "Aflam App/Info.plist";
				LD_RUNPATH_SEARCH_PATHS = (
					"$(inherited)",
					"@executable_path/Frameworks",
				);
				PRODUCT_BUNDLE_IDENTIFIER = "com.developers.Aflam-App";
				PRODUCT_NAME = "$(TARGET_NAME)";
				SWIFT_VERSION = 4.0;
				TARGETED_DEVICE_FAMILY = "1,2";
			};
			name = Debug;
		};
		BAEC60CD22DF38E100D4CFA9 /* Release */ = {
			isa = XCBuildConfiguration;
			baseConfigurationReference = 3EAC60B5DFEB39579099F3ED /* Pods-Aflam App.release.xcconfig */;
			buildSettings = {
				ASSETCATALOG_COMPILER_APPICON_NAME = AppIcon;
				CODE_SIGN_STYLE = Automatic;
				INFOPLIST_FILE = "Aflam App/Info.plist";
				LD_RUNPATH_SEARCH_PATHS = (
					"$(inherited)",
					"@executable_path/Frameworks",
				);
				PRODUCT_BUNDLE_IDENTIFIER = "com.developers.Aflam-App";
				PRODUCT_NAME = "$(TARGET_NAME)";
				SWIFT_VERSION = 4.0;
				TARGETED_DEVICE_FAMILY = "1,2";
			};
			name = Release;
		};
/* End XCBuildConfiguration section */

/* Begin XCConfigurationList section */
		BAEC60B122DF38DF00D4CFA9 /* Build configuration list for PBXProject "Aflam App" */ = {
			isa = XCConfigurationList;
			buildConfigurations = (
				BAEC60C922DF38E100D4CFA9 /* Debug */,
				BAEC60CA22DF38E100D4CFA9 /* Release */,
			);
			defaultConfigurationIsVisible = 0;
			defaultConfigurationName = Release;
		};
		BAEC60CB22DF38E100D4CFA9 /* Build configuration list for PBXNativeTarget "Aflam App" */ = {
			isa = XCConfigurationList;
			buildConfigurations = (
				BAEC60CC22DF38E100D4CFA9 /* Debug */,
				BAEC60CD22DF38E100D4CFA9 /* Release */,
			);
			defaultConfigurationIsVisible = 0;
			defaultConfigurationName = Release;
		};
/* End XCConfigurationList section */

/* Begin XCVersionGroup section */
		BAEC60C022DF38DF00D4CFA9 /* Aflam_App.xcdatamodeld */ = {
			isa = XCVersionGroup;
			children = (
				BAEC60C122DF38DF00D4CFA9 /* Aflam_App.xcdatamodel */,
			);
			currentVersion = BAEC60C122DF38DF00D4CFA9 /* Aflam_App.xcdatamodel */;
			path = Aflam_App.xcdatamodeld;
			sourceTree = "<group>";
			versionGroupType = wrapper.xcdatamodel;
		};
/* End XCVersionGroup section */
	};
	rootObject = BAEC60AE22DF38DF00D4CFA9 /* Project object */;
}
